
Microsoft Visual Studio Solution File, Format Version 12.00
# Visual Studio Version 16
VisualStudioVersion = 16.0.31829.152
MinimumVisualStudioVersion = 10.0.40219.1
Project("{FAE04EC0-301F-11D3-BF4B-00C04F79EFBC}") = "scvs2019prdemo2", "scvs2019prdemo2.csproj", "{14C661CB-17C2-4803-8520-6082350E3E02}"
EndProject
Global
	GlobalSection(SolutionConfigurationPlatforms) = preSolution
		Debug|Any CPU = Debug|Any CPU
		Release|Any CPU = Release|Any CPU
	EndGlobalSection
	GlobalSection(ProjectConfigurationPlatforms) = postSolution
		{14C661CB-17C2-4803-8520-6082350E3E02}.Debug|Any CPU.ActiveCfg = Release|Any CPU
		{14C661CB-17C2-4803-8520-6082350E3E02}.Debug|Any CPU.Build.0 = Release|Any CPU
		{14C661CB-17C2-4803-8520-6082350E3E02}.Release|Any CPU.ActiveCfg = Release|Any CPU
		{14C661CB-17C2-4803-8520-6082350E3E02}.Release|Any CPU.Build.0 = Release|Any CPU
	EndGlobalSection
	GlobalSection(SolutionProperties) = preSolution
		HideSolutionNode = FALSE
	EndGlobalSection
	GlobalSection(ExtensibilityGlobals) = postSolution
		SolutionGuid = {157AF05A-326F-4376-902C-87A0BBBBA156}
	EndGlobalSection
EndGlobal
